<?xml version="1.0" encoding="utf-8"?>
<Project ToolsVersion="4.0" xmlns="http://schemas.microsoft.com/developer/msbuild/2003">
  <ItemGroup>
    <Filter Include="Source Files">
      <UniqueIdentifier>{4FC737F1-C7A5-4376-A066-2A32D752A2FF}</UniqueIdentifier>
      <Extensions>cpp;c;cc;cxx;c++;cppm;ixx;def;odl;idl;hpj;bat;asm;asmx</Extensions>
    </Filter>
    <Filter Include="Header Files">
      <UniqueIdentifier>{93995380-89BD-4b04-88EB-625FBE52EBFB}</UniqueIdentifier>
      <Extensions>h;hh;hpp;hxx;h++;hm;inl;inc;ipp;xsd</Extensions>
    </Filter>
    <Filter Include="Resource Files">
      <UniqueIdentifier>{67DA6AB6-F800-4c08-8B7A-83BB121AAD01}</UniqueIdentifier>
      <Extensions>rc;ico;cur;bmp;dlg;rc2;rct;bin;rgs;gif;jpg;jpeg;jpe;resx;tiff;tif;png;wav;mfcribbon-ms</Extensions>
    </Filter>
    <Filter Include="Tables">
      <UniqueIdentifier>{8b3bfad0-6021-4d6b-8eb5-e2fadfc78e7c}</UniqueIdentifier>
    </Filter>
  </ItemGroup>
  <ItemGroup>
    <ClCompile Include="src\ActivatedProcessor.cpp">
      <Filter>Source Files</Filter>
    </ClCompile>
    <ClCompile Include="src\DisplayAttributes.cpp">
      <Filter>Source Files</Filter>
    </ClCompile>
    <ClCompile Include="src\Languages.cpp">
      <Filter>Source Files</Filter>
    </ClCompile>
    <ClCompile Include="src\main.cpp">
      <Filter>Source Files</Filter>
    </ClCompile>
    <ClCompile Include="src\Translit.cpp">
      <Filter>Source Files</Filter>
    </ClCompile>
    <ClCompile Include="src\pch.cpp">
      <Filter>Source Files</Filter>
    </ClCompile>
  </ItemGroup>
  <ItemGroup>
    <ClInclude Include="src\ActivatedProcessor.h">
      <Filter>Source Files</Filter>
    </ClInclude>
    <ClInclude Include="src\DisplayAttributes.h">
      <Filter>Source Files</Filter>
    </ClInclude>
    <ClInclude Include="src\EditSession.h">
      <Filter>Source Files</Filter>
    </ClInclude>
    <ClInclude Include="src\pch.h">
      <Filter>Source Files</Filter>
    </ClInclude>
    <ClInclude Include="src\SettingsButton.h">
      <Filter>Source Files</Filter>
    </ClInclude>
    <ClInclude Include="src\Translit.h">
      <Filter>Source Files</Filter>
    </ClInclude>
    <ClInclude Include="res\resource.h">
      <Filter>Resource Files</Filter>
    </ClInclude>
    <ClInclude Include="inc\Translit\Identifiers.h">
      <Filter>Header Files</Filter>
    </ClInclude>
    <ClInclude Include="inc\Translit\Languages.h">
      <Filter>Header Files</Filter>
    </ClInclude>
    <ClInclude Include="tables\TableBE.hpp">
      <Filter>Tables</Filter>
    </ClInclude>
    <ClInclude Include="tables\TableHE.hpp">
      <Filter>Tables</Filter>
    </ClInclude>
    <ClInclude Include="tables\TableRU.hpp">
      <Filter>Tables</Filter>
    </ClInclude>
    <ClInclude Include="tables\TableUK.hpp">
      <Filter>Tables</Filter>
    </ClInclude>
  </ItemGroup>
  <ItemGroup>
    <None Include="src\Translit.def">
      <Filter>Source Files</Filter>
    </None>
    <None Include="res\version.rc2">
      <Filter>Resource Files</Filter>
    </None>
  </ItemGroup>
  <ItemGroup>
    <Manifest Include="src\Translit.manifest">
      <Filter>Source Files</Filter>
    </Manifest>
  </ItemGroup>
  <ItemGroup>
    <Image Include="res\be.ico">
      <Filter>Resource Files</Filter>
    </Image>
    <Image Include="res\he.ico">
      <Filter>Resource Files</Filter>
    </Image>
    <Image Include="res\ru.ico">
      <Filter>Resource Files</Filter>
    </Image>
    <Image Include="res\Settings.ico">
      <Filter>Resource Files</Filter>
    </Image>
    <Image Include="res\uk.ico">
      <Filter>Resource Files</Filter>
    </Image>
  </ItemGroup>
  <ItemGroup>
    <ResourceCompile Include="res\Translit.rc">
      <Filter>Resource Files</Filter>
    </ResourceCompile>
  </ItemGroup>
</Project>